
Microsoft Visual Studio Solution File, Format Version 12.00
# Visual Studio 15
VisualStudioVersion = 15.0.28307.852
MinimumVisualStudioVersion = 10.0.40219.1
Project("{FAE04EC0-301F-11D3-BF4B-00C04F79EFBC}") = "TicketReservation", "TicketReservation\TicketReservation.csproj", "{6781CE28-E7A0-4C1F-8434-81F6143A3026}"
EndProject
Global
	GlobalSection(SolutionConfigurationPlatforms) = preSolution
		Debug|Any CPU = Debug|Any CPU
		Release|Any CPU = Release|Any CPU
	EndGlobalSection
	GlobalSection(ProjectConfigurationPlatforms) = postSolution
		{6781CE28-E7A0-4C1F-8434-81F6143A3026}.Debug|Any CPU.ActiveCfg = Debug|Any CPU
		{6781CE28-E7A0-4C1F-8434-81F6143A3026}.Debug|Any CPU.Build.0 = Debug|Any CPU
		{6781CE28-E7A0-4C1F-8434-81F6143A3026}.Release|Any CPU.ActiveCfg = Release|Any CPU
		{6781CE28-E7A0-4C1F-8434-81F6143A3026}.Release|Any CPU.Build.0 = Release|Any CPU
	EndGlobalSection
	GlobalSection(SolutionProperties) = preSolution
		HideSolutionNode = FALSE
	EndGlobalSection
	GlobalSection(ExtensibilityGlobals) = postSolution
		SolutionGuid = {55DEE573-1D28-4A4D-AE67-6C8AE4A6EC35}
	EndGlobalSection
EndGlobal
